
Microsoft Visual Studio Solution File, Format Version 12.00
# Visual Studio Version 17
VisualStudioVersion = 17.3.32929.385
MinimumVisualStudioVersion = 10.0.40219.1
Project("{FAE04EC0-301F-11D3-BF4B-00C04F79EFBC}") = "BasicExercise", "BasicExercise.csproj", "{2BFD79BD-08C1-47ED-B598-2688A8446FF8}"
EndProject
Global
	GlobalSection(SolutionConfigurationPlatforms) = preSolution
		Debug|Any CPU = Debug|Any CPU
		Release|Any CPU = Release|Any CPU
	EndGlobalSection
	GlobalSection(ProjectConfigurationPlatforms) = postSolution
		{2BFD79BD-08C1-47ED-B598-2688A8446FF8}.Debug|Any CPU.ActiveCfg = Debug|Any CPU
		{2BFD79BD-08C1-47ED-B598-2688A8446FF8}.Debug|Any CPU.Build.0 = Debug|Any CPU
		{2BFD79BD-08C1-47ED-B598-2688A8446FF8}.Release|Any CPU.ActiveCfg = Release|Any CPU
		{2BFD79BD-08C1-47ED-B598-2688A8446FF8}.Release|Any CPU.Build.0 = Release|Any CPU
	EndGlobalSection
	GlobalSection(SolutionProperties) = preSolution
		HideSolutionNode = FALSE
	EndGlobalSection
	GlobalSection(ExtensibilityGlobals) = postSolution
		SolutionGuid = {F381599B-DBF3-42CB-B6FA-4C6FB0DBB5C3}
	EndGlobalSection
EndGlobal
